
Microsoft Visual Studio Solution File, Format Version 12.00
# Visual Studio Version 17
VisualStudioVersion = 17.3.32929.385
MinimumVisualStudioVersion = 10.0.40219.1
Project("{FAE04EC0-301F-11D3-BF4B-00C04F79EFBC}") = "GoogleRecaptchaWebAPI", "GoogleRecaptchaWebAPI\GoogleRecaptchaWebAPI.csproj", "{EEAD51AB-4B77-4E48-BA40-F7E748910D59}"
EndProject
Global
	GlobalSection(SolutionConfigurationPlatforms) = preSolution
		Debug|Any CPU = Debug|Any CPU
		Release|Any CPU = Release|Any CPU
	EndGlobalSection
	GlobalSection(ProjectConfigurationPlatforms) = postSolution
		{EEAD51AB-4B77-4E48-BA40-F7E748910D59}.Debug|Any CPU.ActiveCfg = Debug|Any CPU
		{EEAD51AB-4B77-4E48-BA40-F7E748910D59}.Debug|Any CPU.Build.0 = Debug|Any CPU
		{EEAD51AB-4B77-4E48-BA40-F7E748910D59}.Release|Any CPU.ActiveCfg = Release|Any CPU
		{EEAD51AB-4B77-4E48-BA40-F7E748910D59}.Release|Any CPU.Build.0 = Release|Any CPU
	EndGlobalSection
	GlobalSection(SolutionProperties) = preSolution
		HideSolutionNode = FALSE
	EndGlobalSection
	GlobalSection(ExtensibilityGlobals) = postSolution
		SolutionGuid = {7883B10F-631F-4FC0-8CA5-5FCE929427A8}
	EndGlobalSection
EndGlobal
